
Microsoft Visual Studio Solution File, Format Version 12.00
# Visual Studio 15
VisualStudioVersion = 15.0.28307.779
MinimumVisualStudioVersion = 10.0.40219.1
Project("{FAE04EC0-301F-11D3-BF4B-00C04F79EFBC}") = "Fast.Web", "Fast.Web\Fast.Web.csproj", "{AC0DF55E-9395-4E8F-86BD-57C0E3F4CB61}"
EndProject
Project("{FAE04EC0-301F-11D3-BF4B-00C04F79EFBC}") = "Fast.Application", "Fast.Application\Fast.Application.csproj", "{C245C73A-AA4A-44FA-8DBD-4448AFF77A40}"
EndProject
Project("{FAE04EC0-301F-11D3-BF4B-00C04F79EFBC}") = "Fast.Domain", "Fast.Domain\Fast.Domain.csproj", "{02EDE18A-A076-4742-B4EA-C0A2E068B216}"
EndProject
Project("{FAE04EC0-301F-11D3-BF4B-00C04F79EFBC}") = "Fast.WinClient", "Fast.WinClient\Fast.WinClient.csproj", "{590865FD-AD40-4125-8CE6-A38C93EB1A36}"
EndProject
Project("{FAE04EC0-301F-11D3-BF4B-00C04F79EFBC}") = "Fast.WebApi", "Fast.WebApi\Fast.WebApi.csproj", "{D0B5C9F4-9FC5-44ED-8511-B9D6432FCEB5}"
EndProject
Project("{2150E333-8FDC-42A3-9474-1A3956D46DE8}") = "Application", "Application", "{1A59632C-9A09-4311-8F3F-E84919AFEC93}"
EndProject
Project("{2150E333-8FDC-42A3-9474-1A3956D46DE8}") = "Domain", "Domain", "{0C29DC78-FF97-4730-9E26-F3855C917811}"
EndProject
Project("{2150E333-8FDC-42A3-9474-1A3956D46DE8}") = "Infra", "Infra", "{E07578D8-FB09-4528-B065-62717FEE1FE9}"
EndProject
Project("{2150E333-8FDC-42A3-9474-1A3956D46DE8}") = "Presentation", "Presentation", "{AE8A3B73-68A6-4023-9074-0323A9BD48A6}"
EndProject
Project("{FAE04EC0-301F-11D3-BF4B-00C04F79EFBC}") = "Fast.Infra.CrossCutting.IoC", "Fast.Infra.CrossCutting.Ioc\Fast.Infra.CrossCutting.IoC.csproj", "{462A2C27-2A78-4FA5-80BF-539A2587738E}"
EndProject
Project("{FAE04EC0-301F-11D3-BF4B-00C04F79EFBC}") = "Fast.Infra.Data", "Fast.Infra.Data\Fast.Infra.Data.csproj", "{3274AD7F-03D7-4374-B170-BF6980CBB8C3}"
EndProject
Project("{FAE04EC0-301F-11D3-BF4B-00C04F79EFBC}") = "Fast.Infra.CrossCutting.Common", "Fast.Infra.CrossCutting.Common\Fast.Infra.CrossCutting.Common.csproj", "{0F669119-BE8E-4176-9C8C-46E661185BC9}"
EndProject
Global
	GlobalSection(SolutionConfigurationPlatforms) = preSolution
		Debug|Any CPU = Debug|Any CPU
		Release|Any CPU = Release|Any CPU
	EndGlobalSection
	GlobalSection(ProjectConfigurationPlatforms) = postSolution
		{AC0DF55E-9395-4E8F-86BD-57C0E3F4CB61}.Debug|Any CPU.ActiveCfg = Debug|Any CPU
		{AC0DF55E-9395-4E8F-86BD-57C0E3F4CB61}.Debug|Any CPU.Build.0 = Debug|Any CPU
		{AC0DF55E-9395-4E8F-86BD-57C0E3F4CB61}.Release|Any CPU.ActiveCfg = Release|Any CPU
		{AC0DF55E-9395-4E8F-86BD-57C0E3F4CB61}.Release|Any CPU.Build.0 = Release|Any CPU
		{C245C73A-AA4A-44FA-8DBD-4448AFF77A40}.Debug|Any CPU.ActiveCfg = Debug|Any CPU
		{C245C73A-AA4A-44FA-8DBD-4448AFF77A40}.Debug|Any CPU.Build.0 = Debug|Any CPU
		{C245C73A-AA4A-44FA-8DBD-4448AFF77A40}.Release|Any CPU.ActiveCfg = Release|Any CPU
		{C245C73A-AA4A-44FA-8DBD-4448AFF77A40}.Release|Any CPU.Build.0 = Release|Any CPU
		{02EDE18A-A076-4742-B4EA-C0A2E068B216}.Debug|Any CPU.ActiveCfg = Debug|Any CPU
		{02EDE18A-A076-4742-B4EA-C0A2E068B216}.Debug|Any CPU.Build.0 = Debug|Any CPU
		{02EDE18A-A076-4742-B4EA-C0A2E068B216}.Release|Any CPU.ActiveCfg = Release|Any CPU
		{02EDE18A-A076-4742-B4EA-C0A2E068B216}.Release|Any CPU.Build.0 = Release|Any CPU
		{590865FD-AD40-4125-8CE6-A38C93EB1A36}.Debug|Any CPU.ActiveCfg = Debug|Any CPU
		{590865FD-AD40-4125-8CE6-A38C93EB1A36}.Debug|Any CPU.Build.0 = Debug|Any CPU
		{590865FD-AD40-4125-8CE6-A38C93EB1A36}.Release|Any CPU.ActiveCfg = Release|Any CPU
		{590865FD-AD40-4125-8CE6-A38C93EB1A36}.Release|Any CPU.Build.0 = Release|Any CPU
		{D0B5C9F4-9FC5-44ED-8511-B9D6432FCEB5}.Debug|Any CPU.ActiveCfg = Debug|Any CPU
		{D0B5C9F4-9FC5-44ED-8511-B9D6432FCEB5}.Debug|Any CPU.Build.0 = Debug|Any CPU
		{D0B5C9F4-9FC5-44ED-8511-B9D6432FCEB5}.Release|Any CPU.ActiveCfg = Release|Any CPU
		{D0B5C9F4-9FC5-44ED-8511-B9D6432FCEB5}.Release|Any CPU.Build.0 = Release|Any CPU
		{462A2C27-2A78-4FA5-80BF-539A2587738E}.Debug|Any CPU.ActiveCfg = Debug|Any CPU
		{462A2C27-2A78-4FA5-80BF-539A2587738E}.Debug|Any CPU.Build.0 = Debug|Any CPU
		{462A2C27-2A78-4FA5-80BF-539A2587738E}.Release|Any CPU.ActiveCfg = Release|Any CPU
		{462A2C27-2A78-4FA5-80BF-539A2587738E}.Release|Any CPU.Build.0 = Release|Any CPU
		{3274AD7F-03D7-4374-B170-BF6980CBB8C3}.Debug|Any CPU.ActiveCfg = Debug|Any CPU
		{3274AD7F-03D7-4374-B170-BF6980CBB8C3}.Debug|Any CPU.Build.0 = Debug|Any CPU
		{3274AD7F-03D7-4374-B170-BF6980CBB8C3}.Release|Any CPU.ActiveCfg = Release|Any CPU
		{3274AD7F-03D7-4374-B170-BF6980CBB8C3}.Release|Any CPU.Build.0 = Release|Any CPU
		{0F669119-BE8E-4176-9C8C-46E661185BC9}.Debug|Any CPU.ActiveCfg = Debug|Any CPU
		{0F669119-BE8E-4176-9C8C-46E661185BC9}.Debug|Any CPU.Build.0 = Debug|Any CPU
		{0F669119-BE8E-4176-9C8C-46E661185BC9}.Release|Any CPU.ActiveCfg = Release|Any CPU
		{0F669119-BE8E-4176-9C8C-46E661185BC9}.Release|Any CPU.Build.0 = Release|Any CPU
	EndGlobalSection
	GlobalSection(SolutionProperties) = preSolution
		HideSolutionNode = FALSE
	EndGlobalSection
	GlobalSection(NestedProjects) = preSolution
		{AC0DF55E-9395-4E8F-86BD-57C0E3F4CB61} = {AE8A3B73-68A6-4023-9074-0323A9BD48A6}
		{C245C73A-AA4A-44FA-8DBD-4448AFF77A40} = {1A59632C-9A09-4311-8F3F-E84919AFEC93}
		{02EDE18A-A076-4742-B4EA-C0A2E068B216} = {0C29DC78-FF97-4730-9E26-F3855C917811}
		{590865FD-AD40-4125-8CE6-A38C93EB1A36} = {AE8A3B73-68A6-4023-9074-0323A9BD48A6}
		{D0B5C9F4-9FC5-44ED-8511-B9D6432FCEB5} = {AE8A3B73-68A6-4023-9074-0323A9BD48A6}
		{462A2C27-2A78-4FA5-80BF-539A2587738E} = {E07578D8-FB09-4528-B065-62717FEE1FE9}
		{3274AD7F-03D7-4374-B170-BF6980CBB8C3} = {E07578D8-FB09-4528-B065-62717FEE1FE9}
		{0F669119-BE8E-4176-9C8C-46E661185BC9} = {E07578D8-FB09-4528-B065-62717FEE1FE9}
	EndGlobalSection
	GlobalSection(ExtensibilityGlobals) = postSolution
		SolutionGuid = {C3BC10DB-1F28-4323-8F0D-98D5102A7260}
	EndGlobalSection
EndGlobal
